// !$*UTF8*$!
{
	archiveVersion = 1;
	classes = {
	};
	objectVersion = 56;
	objects = {

/* Begin PBXBuildFile section */
		D1B865852AE2BD790029C98B /* AppDelegate.swift in Sources */ = {isa = PBXBuildFile; fileRef = D1B865842AE2BD790029C98B /* AppDelegate.swift */; };
		D1B865892AE2BD7A0029C98B /* ViewController.swift in Sources */ = {isa = PBXBuildFile; fileRef = D1B865882AE2BD7A0029C98B /* ViewController.swift */; };
		D1B8658E2AE2BD7A0029C98B /* Assets.xcassets in Resources */ = {isa = PBXBuildFile; fileRef = D1B8658D2AE2BD7A0029C98B /* Assets.xcassets */; };
		D1B865912AE2BD7A0029C98B /* LaunchScreen.storyboard in Resources */ = {isa = PBXBuildFile; fileRef = D1B8658F2AE2BD7A0029C98B /* LaunchScreen.storyboard */; };
		D1B8659A2AE2BE920029C98B /* FirebaseAnalytics in Frameworks */ = {isa = PBXBuildFile; productRef = D1B865992AE2BE920029C98B /* FirebaseAnalytics */; };
		D1B8659C2AE2BE920029C98B /* FirebaseAnalyticsOnDeviceConversion in Frameworks */ = {isa = PBXBuildFile; productRef = D1B8659B2AE2BE920029C98B /* FirebaseAnalyticsOnDeviceConversion */; };
		D1B8659E2AE2BE920029C98B /* FirebaseAnalyticsSwift in Frameworks */ = {isa = PBXBuildFile; productRef = D1B8659D2AE2BE920029C98B /* FirebaseAnalyticsSwift */; };
		D1B865A02AE2BE920029C98B /* FirebaseAnalyticsWithoutAdIdSupport in Frameworks */ = {isa = PBXBuildFile; productRef = D1B8659F2AE2BE920029C98B /* FirebaseAnalyticsWithoutAdIdSupport */; };
		D1B865A22AE2BE920029C98B /* FirebaseAppCheck in Frameworks */ = {isa = PBXBuildFile; productRef = D1B865A12AE2BE920029C98B /* FirebaseAppCheck */; };
		D1B865A52AE2BEB60029C98B /* SnapKit in Frameworks */ = {isa = PBXBuildFile; productRef = D1B865A42AE2BEB60029C98B /* SnapKit */; };
		D1B865A72AE2BEB60029C98B /* SnapKit-Dynamic in Frameworks */ = {isa = PBXBuildFile; productRef = D1B865A62AE2BEB60029C98B /* SnapKit-Dynamic */; };
		D1B865A92AE2C2CB0029C98B /* GoogleService-Info.plist in Resources */ = {isa = PBXBuildFile; fileRef = D1B865A82AE2C2CB0029C98B /* GoogleService-Info.plist */; };
		D1B865AC2AE2C56D0029C98B /* FirebaseRemoteConfig in Frameworks */ = {isa = PBXBuildFile; productRef = D1B865AB2AE2C56D0029C98B /* FirebaseRemoteConfig */; };
/* End PBXBuildFile section */

/* Begin PBXFileReference section */
		D1B865812AE2BD790029C98B /* TheHiddenImageOfEurovision.app */ = {isa = PBXFileReference; explicitFileType = wrapper.application; includeInIndex = 0; path = TheHiddenImageOfEurovision.app; sourceTree = BUILT_PRODUCTS_DIR; };
		D1B865842AE2BD790029C98B /* AppDelegate.swift */ = {isa = PBXFileReference; lastKnownFileType = sourcecode.swift; path = AppDelegate.swift; sourceTree = "<group>"; };
		D1B865882AE2BD7A0029C98B /* ViewController.swift */ = {isa = PBXFileReference; lastKnownFileType = sourcecode.swift; path = ViewController.swift; sourceTree = "<group>"; };
		D1B8658D2AE2BD7A0029C98B /* Assets.xcassets */ = {isa = PBXFileReference; lastKnownFileType = folder.assetcatalog; path = Assets.xcassets; sourceTree = "<group>"; };
		D1B865902AE2BD7A0029C98B /* Base */ = {isa = PBXFileReference; lastKnownFileType = file.storyboard; name = Base; path = Base.lproj/LaunchScreen.storyboard; sourceTree = "<group>"; };
		D1B865922AE2BD7A0029C98B /* Info.plist */ = {isa = PBXFileReference; lastKnownFileType = text.plist.xml; path = Info.plist; sourceTree = "<group>"; };
		D1B865A82AE2C2CB0029C98B /* GoogleService-Info.plist */ = {isa = PBXFileReference; fileEncoding = 4; lastKnownFileType = text.plist.xml; path = "GoogleService-Info.plist"; sourceTree = "<group>"; };
/* End PBXFileReference section */

/* Begin PBXFrameworksBuildPhase section */
		D1B8657E2AE2BD790029C98B /* Frameworks */ = {
			isa = PBXFrameworksBuildPhase;
			buildActionMask = 2147483647;
			files = (
				D1B8659E2AE2BE920029C98B /* FirebaseAnalyticsSwift in Frameworks */,
				D1B8659A2AE2BE920029C98B /* FirebaseAnalytics in Frameworks */,
				D1B8659C2AE2BE920029C98B /* FirebaseAnalyticsOnDeviceConversion in Frameworks */,
				D1B865A52AE2BEB60029C98B /* SnapKit in Frameworks */,
				D1B865A22AE2BE920029C98B /* FirebaseAppCheck in Frameworks */,
				D1B865A72AE2BEB60029C98B /* SnapKit-Dynamic in Frameworks */,
				D1B865A02AE2BE920029C98B /* FirebaseAnalyticsWithoutAdIdSupport in Frameworks */,
				D1B865AC2AE2C56D0029C98B /* FirebaseRemoteConfig in Frameworks */,
			);
			runOnlyForDeploymentPostprocessing = 0;
		};
/* End PBXFrameworksBuildPhase section */

/* Begin PBXGroup section */
		D1B865782AE2BD790029C98B = {
			isa = PBXGroup;
			children = (
				D1B865832AE2BD790029C98B /* TheHiddenImageOfEurovision */,
				D1B865822AE2BD790029C98B /* Products */,
				D1B865AA2AE2C56D0029C98B /* Frameworks */,
			);
			sourceTree = "<group>";
		};
		D1B865822AE2BD790029C98B /* Products */ = {
			isa = PBXGroup;
			children = (
				D1B865812AE2BD790029C98B /* TheHiddenImageOfEurovision.app */,
			);
			name = Products;
			sourceTree = "<group>";
		};
		D1B865832AE2BD790029C98B /* TheHiddenImageOfEurovision */ = {
			isa = PBXGroup;
			children = (
				D1B865842AE2BD790029C98B /* AppDelegate.swift */,
				D1B865882AE2BD7A0029C98B /* ViewController.swift */,
				D1B8658D2AE2BD7A0029C98B /* Assets.xcassets */,
				D1B8658F2AE2BD7A0029C98B /* LaunchScreen.storyboard */,
				D1B865922AE2BD7A0029C98B /* Info.plist */,
				D1B865A82AE2C2CB0029C98B /* GoogleService-Info.plist */,
			);
			path = TheHiddenImageOfEurovision;
			sourceTree = "<group>";
		};
		D1B865AA2AE2C56D0029C98B /* Frameworks */ = {
			isa = PBXGroup;
			children = (
			);
			name = Frameworks;
			sourceTree = "<group>";
		};
/* End PBXGroup section */

/* Begin PBXNativeTarget section */
		D1B865802AE2BD790029C98B /* TheHiddenImageOfEurovision */ = {
			isa = PBXNativeTarget;
			buildConfigurationList = D1B865952AE2BD7A0029C98B /* Build configuration list for PBXNativeTarget "TheHiddenImageOfEurovision" */;
			buildPhases = (
				D1B8657D2AE2BD790029C98B /* Sources */,
				D1B8657E2AE2BD790029C98B /* Frameworks */,
				D1B8657F2AE2BD790029C98B /* Resources */,
			);
			buildRules = (
			);
			dependencies = (
			);
			name = TheHiddenImageOfEurovision;
			packageProductDependencies = (
				D1B865992AE2BE920029C98B /* FirebaseAnalytics */,
				D1B8659B2AE2BE920029C98B /* FirebaseAnalyticsOnDeviceConversion */,
				D1B8659D2AE2BE920029C98B /* FirebaseAnalyticsSwift */,
				D1B8659F2AE2BE920029C98B /* FirebaseAnalyticsWithoutAdIdSupport */,
				D1B865A12AE2BE920029C98B /* FirebaseAppCheck */,
				D1B865A42AE2BEB60029C98B /* SnapKit */,
				D1B865A62AE2BEB60029C98B /* SnapKit-Dynamic */,
				D1B865AB2AE2C56D0029C98B /* FirebaseRemoteConfig */,
			);
			productName = TheHiddenImageOfEurovision;
			productReference = D1B865812AE2BD790029C98B /* TheHiddenImageOfEurovision.app */;
			productType = "com.apple.product-type.application";
		};
/* End PBXNativeTarget section */

/* Begin PBXProject section */
		D1B865792AE2BD790029C98B /* Project object */ = {
			isa = PBXProject;
			attributes = {
				BuildIndependentTargetsInParallel = 1;
				LastSwiftUpdateCheck = 1500;
				LastUpgradeCheck = 1500;
				TargetAttributes = {
					D1B865802AE2BD790029C98B = {
						CreatedOnToolsVersion = 15.0;
					};
				};
			};
			buildConfigurationList = D1B8657C2AE2BD790029C98B /* Build configuration list for PBXProject "TheHiddenImageOfEurovision" */;
			compatibilityVersion = "Xcode 14.0";
			developmentRegion = en;
			hasScannedForEncodings = 0;
			knownRegions = (
				en,
				Base,
			);
			mainGroup = D1B865782AE2BD790029C98B;
			packageReferences = (
				D1B865982AE2BE920029C98B /* XCRemoteSwiftPackageReference "firebase-ios-sdk" */,
				D1B865A32AE2BEB60029C98B /* XCRemoteSwiftPackageReference "SnapKit" */,
			);
			productRefGroup = D1B865822AE2BD790029C98B /* Products */;
			projectDirPath = "";
			projectRoot = "";
			targets = (
				D1B865802AE2BD790029C98B /* TheHiddenImageOfEurovision */,
			);
		};
/* End PBXProject section */

/* Begin PBXResourcesBuildPhase section */
		D1B8657F2AE2BD790029C98B /* Resources */ = {
			isa = PBXResourcesBuildPhase;
			buildActionMask = 2147483647;
			files = (
				D1B865912AE2BD7A0029C98B /* LaunchScreen.storyboard in Resources */,
				D1B8658E2AE2BD7A0029C98B /* Assets.xcassets in Resources */,
				D1B865A92AE2C2CB0029C98B /* GoogleService-Info.plist in Resources */,
			);
			runOnlyForDeploymentPostprocessing = 0;
		};
/* End PBXResourcesBuildPhase section */

/* Begin PBXSourcesBuildPhase section */
		D1B8657D2AE2BD790029C98B /* Sources */ = {
			isa = PBXSourcesBuildPhase;
			buildActionMask = 2147483647;
			files = (
				D1B865892AE2BD7A0029C98B /* ViewController.swift in Sources */,
				D1B865852AE2BD790029C98B /* AppDelegate.swift in Sources */,
			);
			runOnlyForDeploymentPostprocessing = 0;
		};
/* End PBXSourcesBuildPhase section */

/* Begin PBXVariantGroup section */
		D1B8658F2AE2BD7A0029C98B /* LaunchScreen.storyboard */ = {
			isa = PBXVariantGroup;
			children = (
				D1B865902AE2BD7A0029C98B /* Base */,
			);
			name = LaunchScreen.storyboard;
			sourceTree = "<group>";
		};
/* End PBXVariantGroup section */

/* Begin XCBuildConfiguration section */
		D1B865932AE2BD7A0029C98B /* Debug */ = {
			isa = XCBuildConfiguration;
			buildSettings = {
				ALWAYS_SEARCH_USER_PATHS = NO;
				ASSETCATALOG_COMPILER_GENERATE_SWIFT_ASSET_SYMBOL_EXTENSIONS = YES;
				CLANG_ANALYZER_NONNULL = YES;
				CLANG_ANALYZER_NUMBER_OBJECT_CONVERSION = YES_AGGRESSIVE;
				CLANG_CXX_LANGUAGE_STANDARD = "gnu++20";
				CLANG_ENABLE_MODULES = YES;
				CLANG_ENABLE_OBJC_ARC = YES;
				CLANG_ENABLE_OBJC_WEAK = YES;
				CLANG_WARN_BLOCK_CAPTURE_AUTORELEASING = YES;
				CLANG_WARN_BOOL_CONVERSION = YES;
				CLANG_WARN_COMMA = YES;
				CLANG_WARN_CONSTANT_CONVERSION = YES;
				CLANG_WARN_DEPRECATED_OBJC_IMPLEMENTATIONS = YES;
				CLANG_WARN_DIRECT_OBJC_ISA_USAGE = YES_ERROR;
				CLANG_WARN_DOCUMENTATION_COMMENTS = YES;
				CLANG_WARN_EMPTY_BODY = YES;
				CLANG_WARN_ENUM_CONVERSION = YES;
				CLANG_WARN_INFINITE_RECURSION = YES;
				CLANG_WARN_INT_CONVERSION = YES;
				CLANG_WARN_NON_LITERAL_NULL_CONVERSION = YES;
				CLANG_WARN_OBJC_IMPLICIT_RETAIN_SELF = YES;
				CLANG_WARN_OBJC_LITERAL_CONVERSION = YES;
				CLANG_WARN_OBJC_ROOT_CLASS = YES_ERROR;
				CLANG_WARN_QUOTED_INCLUDE_IN_FRAMEWORK_HEADER = YES;
				CLANG_WARN_RANGE_LOOP_ANALYSIS = YES;
				CLANG_WARN_STRICT_PROTOTYPES = YES;
				CLANG_WARN_SUSPICIOUS_MOVE = YES;
				CLANG_WARN_UNGUARDED_AVAILABILITY = YES_AGGRESSIVE;
				CLANG_WARN_UNREACHABLE_CODE = YES;
				CLANG_WARN__DUPLICATE_METHOD_MATCH = YES;
				COPY_PHASE_STRIP = NO;
				DEBUG_INFORMATION_FORMAT = dwarf;
				ENABLE_STRICT_OBJC_MSGSEND = YES;
				ENABLE_TESTABILITY = YES;
				ENABLE_USER_SCRIPT_SANDBOXING = YES;
				GCC_C_LANGUAGE_STANDARD = gnu17;
				GCC_DYNAMIC_NO_PIC = NO;
				GCC_NO_COMMON_BLOCKS = YES;
				GCC_OPTIMIZATION_LEVEL = 0;
				GCC_PREPROCESSOR_DEFINITIONS = (
					"DEBUG=1",
					"$(inherited)",
				);
				GCC_WARN_64_TO_32_BIT_CONVERSION = YES;
				GCC_WARN_ABOUT_RETURN_TYPE = YES_ERROR;
				GCC_WARN_UNDECLARED_SELECTOR = YES;
				GCC_WARN_UNINITIALIZED_AUTOS = YES_AGGRESSIVE;
				GCC_WARN_UNUSED_FUNCTION = YES;
				GCC_WARN_UNUSED_VARIABLE = YES;
				IPHONEOS_DEPLOYMENT_TARGET = 17.0;
				LOCALIZATION_PREFERS_STRING_CATALOGS = YES;
				MTL_ENABLE_DEBUG_INFO = INCLUDE_SOURCE;
				MTL_FAST_MATH = YES;
				ONLY_ACTIVE_ARCH = YES;
				SDKROOT = iphoneos;
				SWIFT_ACTIVE_COMPILATION_CONDITIONS = "DEBUG $(inherited)";
				SWIFT_OPTIMIZATION_LEVEL = "-Onone";
			};
			name = Debug;
		};
		D1B865942AE2BD7A0029C98B /* Release */ = {
			isa = XCBuildConfiguration;
			buildSettings = {
				ALWAYS_SEARCH_USER_PATHS = NO;
				ASSETCATALOG_COMPILER_GENERATE_SWIFT_ASSET_SYMBOL_EXTENSIONS = YES;
				CLANG_ANALYZER_NONNULL = YES;
				CLANG_ANALYZER_NUMBER_OBJECT_CONVERSION = YES_AGGRESSIVE;
				CLANG_CXX_LANGUAGE_STANDARD = "gnu++20";
				CLANG_ENABLE_MODULES = YES;
				CLANG_ENABLE_OBJC_ARC = YES;
				CLANG_ENABLE_OBJC_WEAK = YES;
				CLANG_WARN_BLOCK_CAPTURE_AUTORELEASING = YES;
				CLANG_WARN_BOOL_CONVERSION = YES;
				CLANG_WARN_COMMA = YES;
				CLANG_WARN_CONSTANT_CONVERSION = YES;
				CLANG_WARN_DEPRECATED_OBJC_IMPLEMENTATIONS = YES;
				CLANG_WARN_DIRECT_OBJC_ISA_USAGE = YES_ERROR;
				CLANG_WARN_DOCUMENTATION_COMMENTS = YES;
				CLANG_WARN_EMPTY_BODY = YES;
				CLANG_WARN_ENUM_CONVERSION = YES;
				CLANG_WARN_INFINITE_RECURSION = YES;
				CLANG_WARN_INT_CONVERSION = YES;
				CLANG_WARN_NON_LITERAL_NULL_CONVERSION = YES;
				CLANG_WARN_OBJC_IMPLICIT_RETAIN_SELF = YES;
				CLANG_WARN_OBJC_LITERAL_CONVERSION = YES;
				CLANG_WARN_OBJC_ROOT_CLASS = YES_ERROR;
				CLANG_WARN_QUOTED_INCLUDE_IN_FRAMEWORK_HEADER = YES;
				CLANG_WARN_RANGE_LOOP_ANALYSIS = YES;
				CLANG_WARN_STRICT_PROTOTYPES = YES;
				CLANG_WARN_SUSPICIOUS_MOVE = YES;
				CLANG_WARN_UNGUARDED_AVAILABILITY = YES_AGGRESSIVE;
				CLANG_WARN_UNREACHABLE_CODE = YES;
				CLANG_WARN__DUPLICATE_METHOD_MATCH = YES;
				COPY_PHASE_STRIP = NO;
				DEBUG_INFORMATION_FORMAT = "dwarf-with-dsym";
				ENABLE_NS_ASSERTIONS = NO;
				ENABLE_STRICT_OBJC_MSGSEND = YES;
				ENABLE_USER_SCRIPT_SANDBOXING = YES;
				GCC_C_LANGUAGE_STANDARD = gnu17;
				GCC_NO_COMMON_BLOCKS = YES;
				GCC_WARN_64_TO_32_BIT_CONVERSION = YES;
				GCC_WARN_ABOUT_RETURN_TYPE = YES_ERROR;
				GCC_WARN_UNDECLARED_SELECTOR = YES;
				GCC_WARN_UNINITIALIZED_AUTOS = YES_AGGRESSIVE;
				GCC_WARN_UNUSED_FUNCTION = YES;
				GCC_WARN_UNUSED_VARIABLE = YES;
				IPHONEOS_DEPLOYMENT_TARGET = 17.0;
				LOCALIZATION_PREFERS_STRING_CATALOGS = YES;
				MTL_ENABLE_DEBUG_INFO = NO;
				MTL_FAST_MATH = YES;
				SDKROOT = iphoneos;
				SWIFT_COMPILATION_MODE = wholemodule;
				VALIDATE_PRODUCT = YES;
			};
			name = Release;
		};
		D1B865962AE2BD7A0029C98B /* Debug */ = {
			isa = XCBuildConfiguration;
			buildSettings = {
				ASSETCATALOG_COMPILER_APPICON_NAME = AppIcon;
				ASSETCATALOG_COMPILER_GLOBAL_ACCENT_COLOR_NAME = AccentColor;
				CODE_SIGN_STYLE = Automatic;
				CURRENT_PROJECT_VERSION = 1;
				DEVELOPMENT_TEAM = H75YPV3Z3N;
				GENERATE_INFOPLIST_FILE = YES;
				INFOPLIST_FILE = TheHiddenImageOfEurovision/Info.plist;
				INFOPLIST_KEY_UIApplicationSupportsIndirectInputEvents = YES;
				INFOPLIST_KEY_UILaunchStoryboardName = LaunchScreen;
				INFOPLIST_KEY_UISupportedInterfaceOrientations_iPad = "UIInterfaceOrientationPortrait UIInterfaceOrientationPortraitUpsideDown UIInterfaceOrientationLandscapeLeft UIInterfaceOrientationLandscapeRight";
				INFOPLIST_KEY_UISupportedInterfaceOrientations_iPhone = "UIInterfaceOrientationPortrait UIInterfaceOrientationLandscapeLeft UIInterfaceOrientationLandscapeRight";
				LD_RUNPATH_SEARCH_PATHS = (
					"$(inherited)",
					"@executable_path/Frameworks",
				);
				MARKETING_VERSION = 1.0;
				PRODUCT_BUNDLE_IDENTIFIER = CVS.TheHiddenImageOfEurovision;
				PRODUCT_NAME = "$(TARGET_NAME)";
				SWIFT_EMIT_LOC_STRINGS = YES;
				SWIFT_VERSION = 5.0;
				TARGETED_DEVICE_FAMILY = "1,2";
			};
			name = Debug;
		};
		D1B865972AE2BD7A0029C98B /* Release */ = {
			isa = XCBuildConfiguration;
			buildSettings = {
				ASSETCATALOG_COMPILER_APPICON_NAME = AppIcon;
				ASSETCATALOG_COMPILER_GLOBAL_ACCENT_COLOR_NAME = AccentColor;
				CODE_SIGN_STYLE = Automatic;
				CURRENT_PROJECT_VERSION = 1;
				DEVELOPMENT_TEAM = H75YPV3Z3N;
				GENERATE_INFOPLIST_FILE = YES;
				INFOPLIST_FILE = TheHiddenImageOfEurovision/Info.plist;
				INFOPLIST_KEY_UIApplicationSupportsIndirectInputEvents = YES;
				INFOPLIST_KEY_UILaunchStoryboardName = LaunchScreen;
				INFOPLIST_KEY_UISupportedInterfaceOrientations_iPad = "UIInterfaceOrientationPortrait UIInterfaceOrientationPortraitUpsideDown UIInterfaceOrientationLandscapeLeft UIInterfaceOrientationLandscapeRight";
				INFOPLIST_KEY_UISupportedInterfaceOrientations_iPhone = "UIInterfaceOrientationPortrait UIInterfaceOrientationLandscapeLeft UIInterfaceOrientationLandscapeRight";
				LD_RUNPATH_SEARCH_PATHS = (
					"$(inherited)",
					"@executable_path/Frameworks",
				);
				MARKETING_VERSION = 1.0;
				PRODUCT_BUNDLE_IDENTIFIER = CVS.TheHiddenImageOfEurovision;
				PRODUCT_NAME = "$(TARGET_NAME)";
				SWIFT_EMIT_LOC_STRINGS = YES;
				SWIFT_VERSION = 5.0;
				TARGETED_DEVICE_FAMILY = "1,2";
			};
			name = Release;
		};
/* End XCBuildConfiguration section */

/* Begin XCConfigurationList section */
		D1B8657C2AE2BD790029C98B /* Build configuration list for PBXProject "TheHiddenImageOfEurovision" */ = {
			isa = XCConfigurationList;
			buildConfigurations = (
				D1B865932AE2BD7A0029C98B /* Debug */,
				D1B865942AE2BD7A0029C98B /* Release */,
			);
			defaultConfigurationIsVisible = 0;
			defaultConfigurationName = Release;
		};
		D1B865952AE2BD7A0029C98B /* Build configuration list for PBXNativeTarget "TheHiddenImageOfEurovision" */ = {
			isa = XCConfigurationList;
			buildConfigurations = (
				D1B865962AE2BD7A0029C98B /* Debug */,
				D1B865972AE2BD7A0029C98B /* Release */,
			);
			defaultConfigurationIsVisible = 0;
			defaultConfigurationName = Release;
		};
/* End XCConfigurationList section */

/* Begin XCRemoteSwiftPackageReference section */
		D1B865982AE2BE920029C98B /* XCRemoteSwiftPackageReference "firebase-ios-sdk" */ = {
			isa = XCRemoteSwiftPackageReference;
			repositoryURL = "https://github.com/firebase/firebase-ios-sdk";
			requirement = {
				kind = upToNextMajorVersion;
				minimumVersion = 10.16.0;
			};
		};
		D1B865A32AE2BEB60029C98B /* XCRemoteSwiftPackageReference "SnapKit" */ = {
			isa = XCRemoteSwiftPackageReference;
			repositoryURL = "https://github.com/SnapKit/SnapKit.git";
			requirement = {
				kind = upToNextMajorVersion;
				minimumVersion = 5.6.0;
			};
		};
/* End XCRemoteSwiftPackageReference section */

/* Begin XCSwiftPackageProductDependency section */
		D1B865992AE2BE920029C98B /* FirebaseAnalytics */ = {
			isa = XCSwiftPackageProductDependency;
			package = D1B865982AE2BE920029C98B /* XCRemoteSwiftPackageReference "firebase-ios-sdk" */;
			productName = FirebaseAnalytics;
		};
		D1B8659B2AE2BE920029C98B /* FirebaseAnalyticsOnDeviceConversion */ = {
			isa = XCSwiftPackageProductDependency;
			package = D1B865982AE2BE920029C98B /* XCRemoteSwiftPackageReference "firebase-ios-sdk" */;
			productName = FirebaseAnalyticsOnDeviceConversion;
		};
		D1B8659D2AE2BE920029C98B /* FirebaseAnalyticsSwift */ = {
			isa = XCSwiftPackageProductDependency;
			package = D1B865982AE2BE920029C98B /* XCRemoteSwiftPackageReference "firebase-ios-sdk" */;
			productName = FirebaseAnalyticsSwift;
		};
		D1B8659F2AE2BE920029C98B /* FirebaseAnalyticsWithoutAdIdSupport */ = {
			isa = XCSwiftPackageProductDependency;
			package = D1B865982AE2BE920029C98B /* XCRemoteSwiftPackageReference "firebase-ios-sdk" */;
			productName = FirebaseAnalyticsWithoutAdIdSupport;
		};
		D1B865A12AE2BE920029C98B /* FirebaseAppCheck */ = {
			isa = XCSwiftPackageProductDependency;
			package = D1B865982AE2BE920029C98B /* XCRemoteSwiftPackageReference "firebase-ios-sdk" */;
			productName = FirebaseAppCheck;
		};
		D1B865A42AE2BEB60029C98B /* SnapKit */ = {
			isa = XCSwiftPackageProductDependency;
			package = D1B865A32AE2BEB60029C98B /* XCRemoteSwiftPackageReference "SnapKit" */;
			productName = SnapKit;
		};
		D1B865A62AE2BEB60029C98B /* SnapKit-Dynamic */ = {
			isa = XCSwiftPackageProductDependency;
			package = D1B865A32AE2BEB60029C98B /* XCRemoteSwiftPackageReference "SnapKit" */;
			productName = "SnapKit-Dynamic";
		};
		D1B865AB2AE2C56D0029C98B /* FirebaseRemoteConfig */ = {
			isa = XCSwiftPackageProductDependency;
			package = D1B865982AE2BE920029C98B /* XCRemoteSwiftPackageReference "firebase-ios-sdk" */;
			productName = FirebaseRemoteConfig;
		};
/* End XCSwiftPackageProductDependency section */
	};
	rootObject = D1B865792AE2BD790029C98B /* Project object */;
}
